// !$*UTF8*$!
{
	archiveVersion = 1;
	classes = {
	};
	objectVersion = 56;
	objects = {

/* Begin PBXBuildFile section */
		F40C432829F901D100296861 /* AppDelegate.swift in Sources */ = {isa = PBXBuildFile; fileRef = F40C432729F901D100296861 /* AppDelegate.swift */; };
		F40C432A29F901D100296861 /* SceneDelegate.swift in Sources */ = {isa = PBXBuildFile; fileRef = F40C432929F901D100296861 /* SceneDelegate.swift */; };
		F40C432C29F901D100296861 /* ViewController.swift in Sources */ = {isa = PBXBuildFile; fileRef = F40C432B29F901D100296861 /* ViewController.swift */; };
		F40C432F29F901D100296861 /* Main.storyboard in Resources */ = {isa = PBXBuildFile; fileRef = F40C432D29F901D100296861 /* Main.storyboard */; };
		F40C433129F901D200296861 /* Assets.xcassets in Resources */ = {isa = PBXBuildFile; fileRef = F40C433029F901D200296861 /* Assets.xcassets */; };
		F40C433429F901D200296861 /* LaunchScreen.storyboard in Resources */ = {isa = PBXBuildFile; fileRef = F40C433229F901D200296861 /* LaunchScreen.storyboard */; };
		F40C434229F902D900296861 /* MainTabController.swift in Sources */ = {isa = PBXBuildFile; fileRef = F40C434129F902D900296861 /* MainTabController.swift */; };
		F40C434429F9041400296861 /* FeedController.swift in Sources */ = {isa = PBXBuildFile; fileRef = F40C434329F9041400296861 /* FeedController.swift */; };
		F40C434629F9044300296861 /* ExploreController.swift in Sources */ = {isa = PBXBuildFile; fileRef = F40C434529F9044300296861 /* ExploreController.swift */; };
		F40C434829F9046C00296861 /* NotificationController.swift in Sources */ = {isa = PBXBuildFile; fileRef = F40C434729F9046C00296861 /* NotificationController.swift */; };
		F40C434A29F9049000296861 /* ConversationController.swift in Sources */ = {isa = PBXBuildFile; fileRef = F40C434929F9049000296861 /* ConversationController.swift */; };
		F40C434D29F9139C00296861 /* UIView+Extensions.swift in Sources */ = {isa = PBXBuildFile; fileRef = F40C434C29F9139C00296861 /* UIView+Extensions.swift */; };
		F40C434F29F915E100296861 /* UIColor+Extension.swift in Sources */ = {isa = PBXBuildFile; fileRef = F40C434E29F915E100296861 /* UIColor+Extension.swift */; };
		F40C435229F917C200296861 /* LoginController.swift in Sources */ = {isa = PBXBuildFile; fileRef = F40C435129F917C200296861 /* LoginController.swift */; };
		F40C435429F9182500296861 /* RegisterController.swift in Sources */ = {isa = PBXBuildFile; fileRef = F40C435329F9182500296861 /* RegisterController.swift */; };
/* End PBXBuildFile section */

/* Begin PBXFileReference section */
		F40C432429F901D100296861 /* Twitter.app */ = {isa = PBXFileReference; explicitFileType = wrapper.application; includeInIndex = 0; path = Twitter.app; sourceTree = BUILT_PRODUCTS_DIR; };
		F40C432729F901D100296861 /* AppDelegate.swift */ = {isa = PBXFileReference; lastKnownFileType = sourcecode.swift; path = AppDelegate.swift; sourceTree = "<group>"; };
		F40C432929F901D100296861 /* SceneDelegate.swift */ = {isa = PBXFileReference; lastKnownFileType = sourcecode.swift; path = SceneDelegate.swift; sourceTree = "<group>"; };
		F40C432B29F901D100296861 /* ViewController.swift */ = {isa = PBXFileReference; lastKnownFileType = sourcecode.swift; path = ViewController.swift; sourceTree = "<group>"; };
		F40C432E29F901D100296861 /* Base */ = {isa = PBXFileReference; lastKnownFileType = file.storyboard; name = Base; path = Base.lproj/Main.storyboard; sourceTree = "<group>"; };
		F40C433029F901D200296861 /* Assets.xcassets */ = {isa = PBXFileReference; lastKnownFileType = folder.assetcatalog; path = Assets.xcassets; sourceTree = "<group>"; };
		F40C433329F901D200296861 /* Base */ = {isa = PBXFileReference; lastKnownFileType = file.storyboard; name = Base; path = Base.lproj/LaunchScreen.storyboard; sourceTree = "<group>"; };
		F40C433529F901D200296861 /* Info.plist */ = {isa = PBXFileReference; lastKnownFileType = text.plist.xml; path = Info.plist; sourceTree = "<group>"; };
		F40C434129F902D900296861 /* MainTabController.swift */ = {isa = PBXFileReference; lastKnownFileType = sourcecode.swift; path = MainTabController.swift; sourceTree = "<group>"; };
		F40C434329F9041400296861 /* FeedController.swift */ = {isa = PBXFileReference; lastKnownFileType = sourcecode.swift; path = FeedController.swift; sourceTree = "<group>"; };
		F40C434529F9044300296861 /* ExploreController.swift */ = {isa = PBXFileReference; lastKnownFileType = sourcecode.swift; path = ExploreController.swift; sourceTree = "<group>"; };
		F40C434729F9046C00296861 /* NotificationController.swift */ = {isa = PBXFileReference; lastKnownFileType = sourcecode.swift; path = NotificationController.swift; sourceTree = "<group>"; };
		F40C434929F9049000296861 /* ConversationController.swift */ = {isa = PBXFileReference; lastKnownFileType = sourcecode.swift; path = ConversationController.swift; sourceTree = "<group>"; };
		F40C434C29F9139C00296861 /* UIView+Extensions.swift */ = {isa = PBXFileReference; fileEncoding = 4; lastKnownFileType = sourcecode.swift; path = "UIView+Extensions.swift"; sourceTree = "<group>"; };
		F40C434E29F915E100296861 /* UIColor+Extension.swift */ = {isa = PBXFileReference; lastKnownFileType = sourcecode.swift; path = "UIColor+Extension.swift"; sourceTree = "<group>"; };
		F40C435129F917C200296861 /* LoginController.swift */ = {isa = PBXFileReference; lastKnownFileType = sourcecode.swift; path = LoginController.swift; sourceTree = "<group>"; };
		F40C435329F9182500296861 /* RegisterController.swift */ = {isa = PBXFileReference; lastKnownFileType = sourcecode.swift; path = RegisterController.swift; sourceTree = "<group>"; };
/* End PBXFileReference section */

/* Begin PBXFrameworksBuildPhase section */
		F40C432129F901D100296861 /* Frameworks */ = {
			isa = PBXFrameworksBuildPhase;
			buildActionMask = 2147483647;
			files = (
			);
			runOnlyForDeploymentPostprocessing = 0;
		};
/* End PBXFrameworksBuildPhase section */

/* Begin PBXGroup section */
		F40C431B29F901D100296861 = {
			isa = PBXGroup;
			children = (
				F40C432629F901D100296861 /* Twitter */,
				F40C432529F901D100296861 /* Products */,
			);
			sourceTree = "<group>";
		};
		F40C432529F901D100296861 /* Products */ = {
			isa = PBXGroup;
			children = (
				F40C432429F901D100296861 /* Twitter.app */,
			);
			name = Products;
			sourceTree = "<group>";
		};
		F40C432629F901D100296861 /* Twitter */ = {
			isa = PBXGroup;
			children = (
				F40C433F29F9021800296861 /* Model */,
				F40C433E29F9021500296861 /* View */,
				F40C433D29F9021200296861 /* View Model */,
				F40C433C29F9020F00296861 /* Controller */,
				F40C433B29F9020000296861 /* API */,
				F40C434029F9023300296861 /* Utils */,
				F40C432729F901D100296861 /* AppDelegate.swift */,
				F40C432929F901D100296861 /* SceneDelegate.swift */,
				F40C432B29F901D100296861 /* ViewController.swift */,
				F40C432D29F901D100296861 /* Main.storyboard */,
				F40C433029F901D200296861 /* Assets.xcassets */,
				F40C433229F901D200296861 /* LaunchScreen.storyboard */,
				F40C433529F901D200296861 /* Info.plist */,
			);
			path = Twitter;
			sourceTree = "<group>";
		};
		F40C433B29F9020000296861 /* API */ = {
			isa = PBXGroup;
			children = (
			);
			path = API;
			sourceTree = "<group>";
		};
		F40C433C29F9020F00296861 /* Controller */ = {
			isa = PBXGroup;
			children = (
				F40C435029F917A600296861 /* Authentication */,
				F40C434129F902D900296861 /* MainTabController.swift */,
				F40C434329F9041400296861 /* FeedController.swift */,
				F40C434529F9044300296861 /* ExploreController.swift */,
				F40C434729F9046C00296861 /* NotificationController.swift */,
				F40C434929F9049000296861 /* ConversationController.swift */,
			);
			path = Controller;
			sourceTree = "<group>";
		};
		F40C433D29F9021200296861 /* View Model */ = {
			isa = PBXGroup;
			children = (
			);
			path = "View Model";
			sourceTree = "<group>";
		};
		F40C433E29F9021500296861 /* View */ = {
			isa = PBXGroup;
			children = (
			);
			path = View;
			sourceTree = "<group>";
		};
		F40C433F29F9021800296861 /* Model */ = {
			isa = PBXGroup;
			children = (
			);
			path = Model;
			sourceTree = "<group>";
		};
		F40C434029F9023300296861 /* Utils */ = {
			isa = PBXGroup;
			children = (
				F40C434B29F9139300296861 /* Extension */,
			);
			path = Utils;
			sourceTree = "<group>";
		};
		F40C434B29F9139300296861 /* Extension */ = {
			isa = PBXGroup;
			children = (
				F40C434C29F9139C00296861 /* UIView+Extensions.swift */,
				F40C434E29F915E100296861 /* UIColor+Extension.swift */,
			);
			path = Extension;
			sourceTree = "<group>";
		};
		F40C435029F917A600296861 /* Authentication */ = {
			isa = PBXGroup;
			children = (
				F40C435129F917C200296861 /* LoginController.swift */,
				F40C435329F9182500296861 /* RegisterController.swift */,
			);
			path = Authentication;
			sourceTree = "<group>";
		};
/* End PBXGroup section */

/* Begin PBXNativeTarget section */
		F40C432329F901D100296861 /* Twitter */ = {
			isa = PBXNativeTarget;
			buildConfigurationList = F40C433829F901D200296861 /* Build configuration list for PBXNativeTarget "Twitter" */;
			buildPhases = (
				F40C432029F901D100296861 /* Sources */,
				F40C432129F901D100296861 /* Frameworks */,
				F40C432229F901D100296861 /* Resources */,
			);
			buildRules = (
			);
			dependencies = (
			);
			name = Twitter;
			productName = Twitter;
			productReference = F40C432429F901D100296861 /* Twitter.app */;
			productType = "com.apple.product-type.application";
		};
/* End PBXNativeTarget section */

/* Begin PBXProject section */
		F40C431C29F901D100296861 /* Project object */ = {
			isa = PBXProject;
			attributes = {
				BuildIndependentTargetsInParallel = 1;
				LastSwiftUpdateCheck = 1430;
				LastUpgradeCheck = 1430;
				TargetAttributes = {
					F40C432329F901D100296861 = {
						CreatedOnToolsVersion = 14.3;
					};
				};
			};
			buildConfigurationList = F40C431F29F901D100296861 /* Build configuration list for PBXProject "Twitter" */;
			compatibilityVersion = "Xcode 14.0";
			developmentRegion = en;
			hasScannedForEncodings = 0;
			knownRegions = (
				en,
				Base,
			);
			mainGroup = F40C431B29F901D100296861;
			productRefGroup = F40C432529F901D100296861 /* Products */;
			projectDirPath = "";
			projectRoot = "";
			targets = (
				F40C432329F901D100296861 /* Twitter */,
			);
		};
/* End PBXProject section */

/* Begin PBXResourcesBuildPhase section */
		F40C432229F901D100296861 /* Resources */ = {
			isa = PBXResourcesBuildPhase;
			buildActionMask = 2147483647;
			files = (
				F40C433429F901D200296861 /* LaunchScreen.storyboard in Resources */,
				F40C433129F901D200296861 /* Assets.xcassets in Resources */,
				F40C432F29F901D100296861 /* Main.storyboard in Resources */,
			);
			runOnlyForDeploymentPostprocessing = 0;
		};
/* End PBXResourcesBuildPhase section */

/* Begin PBXSourcesBuildPhase section */
		F40C432029F901D100296861 /* Sources */ = {
			isa = PBXSourcesBuildPhase;
			buildActionMask = 2147483647;
			files = (
				F40C435229F917C200296861 /* LoginController.swift in Sources */,
				F40C432C29F901D100296861 /* ViewController.swift in Sources */,
				F40C432829F901D100296861 /* AppDelegate.swift in Sources */,
				F40C434429F9041400296861 /* FeedController.swift in Sources */,
				F40C434D29F9139C00296861 /* UIView+Extensions.swift in Sources */,
				F40C434829F9046C00296861 /* NotificationController.swift in Sources */,
				F40C434229F902D900296861 /* MainTabController.swift in Sources */,
				F40C432A29F901D100296861 /* SceneDelegate.swift in Sources */,
				F40C435429F9182500296861 /* RegisterController.swift in Sources */,
				F40C434A29F9049000296861 /* ConversationController.swift in Sources */,
				F40C434629F9044300296861 /* ExploreController.swift in Sources */,
				F40C434F29F915E100296861 /* UIColor+Extension.swift in Sources */,
			);
			runOnlyForDeploymentPostprocessing = 0;
		};
/* End PBXSourcesBuildPhase section */

/* Begin PBXVariantGroup section */
		F40C432D29F901D100296861 /* Main.storyboard */ = {
			isa = PBXVariantGroup;
			children = (
				F40C432E29F901D100296861 /* Base */,
			);
			name = Main.storyboard;
			sourceTree = "<group>";
		};
		F40C433229F901D200296861 /* LaunchScreen.storyboard */ = {
			isa = PBXVariantGroup;
			children = (
				F40C433329F901D200296861 /* Base */,
			);
			name = LaunchScreen.storyboard;
			sourceTree = "<group>";
		};
/* End PBXVariantGroup section */

/* Begin XCBuildConfiguration section */
		F40C433629F901D200296861 /* Debug */ = {
			isa = XCBuildConfiguration;
			buildSettings = {
				ALWAYS_SEARCH_USER_PATHS = NO;
				CLANG_ANALYZER_NONNULL = YES;
				CLANG_ANALYZER_NUMBER_OBJECT_CONVERSION = YES_AGGRESSIVE;
				CLANG_CXX_LANGUAGE_STANDARD = "gnu++20";
				CLANG_ENABLE_MODULES = YES;
				CLANG_ENABLE_OBJC_ARC = YES;
				CLANG_ENABLE_OBJC_WEAK = YES;
				CLANG_WARN_BLOCK_CAPTURE_AUTORELEASING = YES;
				CLANG_WARN_BOOL_CONVERSION = YES;
				CLANG_WARN_COMMA = YES;
				CLANG_WARN_CONSTANT_CONVERSION = YES;
				CLANG_WARN_DEPRECATED_OBJC_IMPLEMENTATIONS = YES;
				CLANG_WARN_DIRECT_OBJC_ISA_USAGE = YES_ERROR;
				CLANG_WARN_DOCUMENTATION_COMMENTS = YES;
				CLANG_WARN_EMPTY_BODY = YES;
				CLANG_WARN_ENUM_CONVERSION = YES;
				CLANG_WARN_INFINITE_RECURSION = YES;
				CLANG_WARN_INT_CONVERSION = YES;
				CLANG_WARN_NON_LITERAL_NULL_CONVERSION = YES;
				CLANG_WARN_OBJC_IMPLICIT_RETAIN_SELF = YES;
				CLANG_WARN_OBJC_LITERAL_CONVERSION = YES;
				CLANG_WARN_OBJC_ROOT_CLASS = YES_ERROR;
				CLANG_WARN_QUOTED_INCLUDE_IN_FRAMEWORK_HEADER = YES;
				CLANG_WARN_RANGE_LOOP_ANALYSIS = YES;
				CLANG_WARN_STRICT_PROTOTYPES = YES;
				CLANG_WARN_SUSPICIOUS_MOVE = YES;
				CLANG_WARN_UNGUARDED_AVAILABILITY = YES_AGGRESSIVE;
				CLANG_WARN_UNREACHABLE_CODE = YES;
				CLANG_WARN__DUPLICATE_METHOD_MATCH = YES;
				COPY_PHASE_STRIP = NO;
				DEBUG_INFORMATION_FORMAT = dwarf;
				ENABLE_STRICT_OBJC_MSGSEND = YES;
				ENABLE_TESTABILITY = YES;
				GCC_C_LANGUAGE_STANDARD = gnu11;
				GCC_DYNAMIC_NO_PIC = NO;
				GCC_NO_COMMON_BLOCKS = YES;
				GCC_OPTIMIZATION_LEVEL = 0;
				GCC_PREPROCESSOR_DEFINITIONS = (
					"DEBUG=1",
					"$(inherited)",
				);
				GCC_WARN_64_TO_32_BIT_CONVERSION = YES;
				GCC_WARN_ABOUT_RETURN_TYPE = YES_ERROR;
				GCC_WARN_UNDECLARED_SELECTOR = YES;
				GCC_WARN_UNINITIALIZED_AUTOS = YES_AGGRESSIVE;
				GCC_WARN_UNUSED_FUNCTION = YES;
				GCC_WARN_UNUSED_VARIABLE = YES;
				IPHONEOS_DEPLOYMENT_TARGET = 16.4;
				MTL_ENABLE_DEBUG_INFO = INCLUDE_SOURCE;
				MTL_FAST_MATH = YES;
				ONLY_ACTIVE_ARCH = YES;
				SDKROOT = iphoneos;
				SWIFT_ACTIVE_COMPILATION_CONDITIONS = DEBUG;
				SWIFT_OPTIMIZATION_LEVEL = "-Onone";
			};
			name = Debug;
		};
		F40C433729F901D200296861 /* Release */ = {
			isa = XCBuildConfiguration;
			buildSettings = {
				ALWAYS_SEARCH_USER_PATHS = NO;
				CLANG_ANALYZER_NONNULL = YES;
				CLANG_ANALYZER_NUMBER_OBJECT_CONVERSION = YES_AGGRESSIVE;
				CLANG_CXX_LANGUAGE_STANDARD = "gnu++20";
				CLANG_ENABLE_MODULES = YES;
				CLANG_ENABLE_OBJC_ARC = YES;
				CLANG_ENABLE_OBJC_WEAK = YES;
				CLANG_WARN_BLOCK_CAPTURE_AUTORELEASING = YES;
				CLANG_WARN_BOOL_CONVERSION = YES;
				CLANG_WARN_COMMA = YES;
				CLANG_WARN_CONSTANT_CONVERSION = YES;
				CLANG_WARN_DEPRECATED_OBJC_IMPLEMENTATIONS = YES;
				CLANG_WARN_DIRECT_OBJC_ISA_USAGE = YES_ERROR;
				CLANG_WARN_DOCUMENTATION_COMMENTS = YES;
				CLANG_WARN_EMPTY_BODY = YES;
				CLANG_WARN_ENUM_CONVERSION = YES;
				CLANG_WARN_INFINITE_RECURSION = YES;
				CLANG_WARN_INT_CONVERSION = YES;
				CLANG_WARN_NON_LITERAL_NULL_CONVERSION = YES;
				CLANG_WARN_OBJC_IMPLICIT_RETAIN_SELF = YES;
				CLANG_WARN_OBJC_LITERAL_CONVERSION = YES;
				CLANG_WARN_OBJC_ROOT_CLASS = YES_ERROR;
				CLANG_WARN_QUOTED_INCLUDE_IN_FRAMEWORK_HEADER = YES;
				CLANG_WARN_RANGE_LOOP_ANALYSIS = YES;
				CLANG_WARN_STRICT_PROTOTYPES = YES;
				CLANG_WARN_SUSPICIOUS_MOVE = YES;
				CLANG_WARN_UNGUARDED_AVAILABILITY = YES_AGGRESSIVE;
				CLANG_WARN_UNREACHABLE_CODE = YES;
				CLANG_WARN__DUPLICATE_METHOD_MATCH = YES;
				COPY_PHASE_STRIP = NO;
				DEBUG_INFORMATION_FORMAT = "dwarf-with-dsym";
				ENABLE_NS_ASSERTIONS = NO;
				ENABLE_STRICT_OBJC_MSGSEND = YES;
				GCC_C_LANGUAGE_STANDARD = gnu11;
				GCC_NO_COMMON_BLOCKS = YES;
				GCC_WARN_64_TO_32_BIT_CONVERSION = YES;
				GCC_WARN_ABOUT_RETURN_TYPE = YES_ERROR;
				GCC_WARN_UNDECLARED_SELECTOR = YES;
				GCC_WARN_UNINITIALIZED_AUTOS = YES_AGGRESSIVE;
				GCC_WARN_UNUSED_FUNCTION = YES;
				GCC_WARN_UNUSED_VARIABLE = YES;
				IPHONEOS_DEPLOYMENT_TARGET = 16.4;
				MTL_ENABLE_DEBUG_INFO = NO;
				MTL_FAST_MATH = YES;
				SDKROOT = iphoneos;
				SWIFT_COMPILATION_MODE = wholemodule;
				SWIFT_OPTIMIZATION_LEVEL = "-O";
				VALIDATE_PRODUCT = YES;
			};
			name = Release;
		};
		F40C433929F901D200296861 /* Debug */ = {
			isa = XCBuildConfiguration;
			buildSettings = {
				ASSETCATALOG_COMPILER_APPICON_NAME = AppIcon;
				ASSETCATALOG_COMPILER_GLOBAL_ACCENT_COLOR_NAME = AccentColor;
				CODE_SIGN_STYLE = Automatic;
				CURRENT_PROJECT_VERSION = 1;
				DEVELOPMENT_TEAM = 33WMDPGAG6;
				GENERATE_INFOPLIST_FILE = YES;
				INFOPLIST_FILE = Twitter/Info.plist;
				INFOPLIST_KEY_UIApplicationSupportsIndirectInputEvents = YES;
				INFOPLIST_KEY_UILaunchStoryboardName = LaunchScreen;
				INFOPLIST_KEY_UIMainStoryboardFile = Main;
				INFOPLIST_KEY_UISupportedInterfaceOrientations = UIInterfaceOrientationPortrait;
				INFOPLIST_KEY_UISupportedInterfaceOrientations_iPad = "UIInterfaceOrientationLandscapeLeft UIInterfaceOrientationLandscapeRight UIInterfaceOrientationPortrait UIInterfaceOrientationPortraitUpsideDown";
				LD_RUNPATH_SEARCH_PATHS = (
					"$(inherited)",
					"@executable_path/Frameworks",
				);
				MARKETING_VERSION = 1.0;
				PRODUCT_BUNDLE_IDENTIFIER = th.ac.chula.cbs.stat.Twitter;
				PRODUCT_NAME = "$(TARGET_NAME)";
				SUPPORTED_PLATFORMS = "iphoneos iphonesimulator";
				SUPPORTS_MACCATALYST = NO;
				SUPPORTS_MAC_DESIGNED_FOR_IPHONE_IPAD = NO;
				SWIFT_EMIT_LOC_STRINGS = YES;
				SWIFT_VERSION = 5.0;
				TARGETED_DEVICE_FAMILY = "1,2";
			};
			name = Debug;
		};
		F40C433A29F901D200296861 /* Release */ = {
			isa = XCBuildConfiguration;
			buildSettings = {
				ASSETCATALOG_COMPILER_APPICON_NAME = AppIcon;
				ASSETCATALOG_COMPILER_GLOBAL_ACCENT_COLOR_NAME = AccentColor;
				CODE_SIGN_STYLE = Automatic;
				CURRENT_PROJECT_VERSION = 1;
				DEVELOPMENT_TEAM = 33WMDPGAG6;
				GENERATE_INFOPLIST_FILE = YES;
				INFOPLIST_FILE = Twitter/Info.plist;
				INFOPLIST_KEY_UIApplicationSupportsIndirectInputEvents = YES;
				INFOPLIST_KEY_UILaunchStoryboardName = LaunchScreen;
				INFOPLIST_KEY_UIMainStoryboardFile = Main;
				INFOPLIST_KEY_UISupportedInterfaceOrientations = UIInterfaceOrientationPortrait;
				INFOPLIST_KEY_UISupportedInterfaceOrientations_iPad = "UIInterfaceOrientationLandscapeLeft UIInterfaceOrientationLandscapeRight UIInterfaceOrientationPortrait UIInterfaceOrientationPortraitUpsideDown";
				LD_RUNPATH_SEARCH_PATHS = (
					"$(inherited)",
					"@executable_path/Frameworks",
				);
				MARKETING_VERSION = 1.0;
				PRODUCT_BUNDLE_IDENTIFIER = th.ac.chula.cbs.stat.Twitter;
				PRODUCT_NAME = "$(TARGET_NAME)";
				SUPPORTED_PLATFORMS = "iphoneos iphonesimulator";
				SUPPORTS_MACCATALYST = NO;
				SUPPORTS_MAC_DESIGNED_FOR_IPHONE_IPAD = NO;
				SWIFT_EMIT_LOC_STRINGS = YES;
				SWIFT_VERSION = 5.0;
				TARGETED_DEVICE_FAMILY = "1,2";
			};
			name = Release;
		};
/* End XCBuildConfiguration section */

/* Begin XCConfigurationList section */
		F40C431F29F901D100296861 /* Build configuration list for PBXProject "Twitter" */ = {
			isa = XCConfigurationList;
			buildConfigurations = (
				F40C433629F901D200296861 /* Debug */,
				F40C433729F901D200296861 /* Release */,
			);
			defaultConfigurationIsVisible = 0;
			defaultConfigurationName = Release;
		};
		F40C433829F901D200296861 /* Build configuration list for PBXNativeTarget "Twitter" */ = {
			isa = XCConfigurationList;
			buildConfigurations = (
				F40C433929F901D200296861 /* Debug */,
				F40C433A29F901D200296861 /* Release */,
			);
			defaultConfigurationIsVisible = 0;
			defaultConfigurationName = Release;
		};
/* End XCConfigurationList section */
	};
	rootObject = F40C431C29F901D100296861 /* Project object */;
}
